
Microsoft Visual Studio Solution File, Format Version 12.00
# Visual Studio Version 17
VisualStudioVersion = 17.5.33516.290
MinimumVisualStudioVersion = 10.0.40219.1
Project("{FAE04EC0-301F-11D3-BF4B-00C04F79EFBC}") = "ConsoleApp1", "ConsoleApp1\ConsoleApp1.csproj", "{0B7EFBE9-C60E-4C8B-BD4D-3868FFBFD522}"
EndProject
Global
	GlobalSection(SolutionConfigurationPlatforms) = preSolution
		Debug|Any CPU = Debug|Any CPU
		Release|Any CPU = Release|Any CPU
	EndGlobalSection
	GlobalSection(ProjectConfigurationPlatforms) = postSolution
		{0B7EFBE9-C60E-4C8B-BD4D-3868FFBFD522}.Debug|Any CPU.ActiveCfg = Debug|Any CPU
		{0B7EFBE9-C60E-4C8B-BD4D-3868FFBFD522}.Debug|Any CPU.Build.0 = Debug|Any CPU
		{0B7EFBE9-C60E-4C8B-BD4D-3868FFBFD522}.Release|Any CPU.ActiveCfg = Release|Any CPU
		{0B7EFBE9-C60E-4C8B-BD4D-3868FFBFD522}.Release|Any CPU.Build.0 = Release|Any CPU
	EndGlobalSection
	GlobalSection(SolutionProperties) = preSolution
		HideSolutionNode = FALSE
	EndGlobalSection
	GlobalSection(ExtensibilityGlobals) = postSolution
		SolutionGuid = {A8902AF5-0CE0-4C02-8876-2161E6D2E3ED}
	EndGlobalSection
EndGlobal
